
Microsoft Visual Studio Solution File, Format Version 12.00
# Visual Studio Version 16
VisualStudioVersion = 16.0.30011.22
MinimumVisualStudioVersion = 10.0.40219.1
Project("{9A19103F-16F7-4668-BE54-9A1E7A4F7556}") = "api", "api\api.csproj", "{46FE5ADD-2BAF-47D0-BB0B-912F9ED4F743}"
EndProject
Project("{9092AA53-FB77-4645-B42D-1CCCA6BD08BD}") = "web", "web\web.njsproj", "{B73D5408-1350-4C28-95D6-6977B2306E32}"
EndProject
Global
	GlobalSection(SolutionConfigurationPlatforms) = preSolution
		Debug|Any CPU = Debug|Any CPU
		Release|Any CPU = Release|Any CPU
	EndGlobalSection
	GlobalSection(ProjectConfigurationPlatforms) = postSolution
		{46FE5ADD-2BAF-47D0-BB0B-912F9ED4F743}.Debug|Any CPU.ActiveCfg = Debug|Any CPU
		{46FE5ADD-2BAF-47D0-BB0B-912F9ED4F743}.Debug|Any CPU.Build.0 = Debug|Any CPU
		{46FE5ADD-2BAF-47D0-BB0B-912F9ED4F743}.Release|Any CPU.ActiveCfg = Release|Any CPU
		{46FE5ADD-2BAF-47D0-BB0B-912F9ED4F743}.Release|Any CPU.Build.0 = Release|Any CPU
		{B73D5408-1350-4C28-95D6-6977B2306E32}.Debug|Any CPU.ActiveCfg = Debug|Any CPU
		{B73D5408-1350-4C28-95D6-6977B2306E32}.Debug|Any CPU.Build.0 = Debug|Any CPU
		{B73D5408-1350-4C28-95D6-6977B2306E32}.Release|Any CPU.ActiveCfg = Release|Any CPU
		{B73D5408-1350-4C28-95D6-6977B2306E32}.Release|Any CPU.Build.0 = Release|Any CPU
	EndGlobalSection
	GlobalSection(SolutionProperties) = preSolution
		HideSolutionNode = FALSE
	EndGlobalSection
	GlobalSection(ExtensibilityGlobals) = postSolution
		SolutionGuid = {2D1209E3-4EB4-4340-9D4A-0E912D4FADB3}
	EndGlobalSection
EndGlobal
